{
  "name": "@fauton/cfg",
  "version": "0.0.1",
  "lockfileVersion": 1,
  "requires": true,
  "dependencies": {
    "@datastructures-js/binary-search-tree": {
      "version": "4.3.1",
      "resolved": "https://registry.npmjs.org/@datastructures-js/binary-search-tree/-/binary-search-tree-4.3.1.tgz",
      "integrity": "sha512-YmxFM5zBz3E9vCnXUidDgOgUaWNqYBqjJp9EkAc3dInpNcq5qutVfJJxI3P4RDUl9DV6wzADN7shqIA1YQI93g=="
    },
    "@datastructures-js/linked-list": {
      "version": "5.1.1",
      "resolved": "https://registry.npmjs.org/@datastructures-js/linked-list/-/linked-list-5.1.1.tgz",
      "integrity": "sha512-fj5vOozZX5Sw+Z7dJcicvQxMbWTuOizZ+dW+pMcYWMMgMiLERzJ3Zv6Tdn+VStej9ax6tq7LIQxKGiZyXMvWmg==",
      "requires": {
        "@datastructures-js/binary-search-tree": "^4.1.0"
      }
    }
  }
}
